
Microsoft Visual Studio Solution File, Format Version 12.00
# Visual Studio Version 17
VisualStudioVersion = 17.0.32126.317
MinimumVisualStudioVersion = 10.0.40219.1
Project("{9A19103F-16F7-4668-BE54-9A1E7A4F7556}") = "_038_KonuYorumCoreEfDbfirst", "038_KonuYorumCoreEfDbfirst\_038_KonuYorumCoreEfDbfirst.csproj", "{B7A27354-4950-450D-8E73-393830C6AE6E}"
EndProject
Global
	GlobalSection(SolutionConfigurationPlatforms) = preSolution
		Debug|Any CPU = Debug|Any CPU
		Release|Any CPU = Release|Any CPU
	EndGlobalSection
	GlobalSection(ProjectConfigurationPlatforms) = postSolution
		{B7A27354-4950-450D-8E73-393830C6AE6E}.Debug|Any CPU.ActiveCfg = Debug|Any CPU
		{B7A27354-4950-450D-8E73-393830C6AE6E}.Debug|Any CPU.Build.0 = Debug|Any CPU
		{B7A27354-4950-450D-8E73-393830C6AE6E}.Release|Any CPU.ActiveCfg = Release|Any CPU
		{B7A27354-4950-450D-8E73-393830C6AE6E}.Release|Any CPU.Build.0 = Release|Any CPU
	EndGlobalSection
	GlobalSection(SolutionProperties) = preSolution
		HideSolutionNode = FALSE
	EndGlobalSection
	GlobalSection(ExtensibilityGlobals) = postSolution
		SolutionGuid = {70E27EE3-BFBC-43E9-99D4-599D507013F7}
	EndGlobalSection
EndGlobal
